# This file is automatically @generated by Cargo.
# It is not intended for manual editing.
version = 4

[[package]]
name = "renee-conformance"
version = "0.0.0"

[[package]]
name = "renee-model"
version = "0.0.0"

[[package]]
name = "renee-store"
version = "0.0.0"

[[package]]
name = "renee-types"
version = "0.0.0"
